
Microsoft Visual Studio Solution File, Format Version 12.00
# Visual Studio 14
VisualStudioVersion = 14.0.25123.0
MinimumVisualStudioVersion = 10.0.40219.1
Project("{E24C65DC-7377-472B-9ABA-BC803B73C61A}") = "MyWebSiteTut02", "..\..\WebSites\MyWebSiteTut02\", "{8202CD19-2E20-4EDA-BA67-7FF8D1167ACD}"
	ProjectSection(WebsiteProperties) = preProject
		TargetFrameworkMoniker = ".NETFramework,Version%3Dv4.5"
		Debug.AspNetCompiler.VirtualPath = "/localhost_55713"
		Debug.AspNetCompiler.PhysicalPath = "..\..\WebSites\MyWebSiteTut02\"
		Debug.AspNetCompiler.TargetPath = "PrecompiledWeb\localhost_55713\"
		Debug.AspNetCompiler.Updateable = "true"
		Debug.AspNetCompiler.ForceOverwrite = "true"
		Debug.AspNetCompiler.FixedNames = "false"
		Debug.AspNetCompiler.Debug = "True"
		Release.AspNetCompiler.VirtualPath = "/localhost_55713"
		Release.AspNetCompiler.PhysicalPath = "..\..\WebSites\MyWebSiteTut02\"
		Release.AspNetCompiler.TargetPath = "PrecompiledWeb\localhost_55713\"
		Release.AspNetCompiler.Updateable = "true"
		Release.AspNetCompiler.ForceOverwrite = "true"
		Release.AspNetCompiler.FixedNames = "false"
		Release.AspNetCompiler.Debug = "False"
		VWDPort = "55713"
		SlnRelativePath = "..\..\WebSites\MyWebSiteTut02\"
		DefaultWebSiteLanguage = "Visual C#"
	EndProjectSection
EndProject
Global
	GlobalSection(SolutionConfigurationPlatforms) = preSolution
		Debug|Any CPU = Debug|Any CPU
	EndGlobalSection
	GlobalSection(ProjectConfigurationPlatforms) = postSolution
		{8202CD19-2E20-4EDA-BA67-7FF8D1167ACD}.Debug|Any CPU.ActiveCfg = Debug|Any CPU
		{8202CD19-2E20-4EDA-BA67-7FF8D1167ACD}.Debug|Any CPU.Build.0 = Debug|Any CPU
	EndGlobalSection
	GlobalSection(SolutionProperties) = preSolution
		HideSolutionNode = FALSE
	EndGlobalSection
EndGlobal
